
Microsoft Visual Studio Solution File, Format Version 12.00
# Visual Studio Version 17
VisualStudioVersion = 17.6.33815.320
MinimumVisualStudioVersion = 10.0.40219.1
Project("{FAE04EC0-301F-11D3-BF4B-00C04F79EFBC}") = "WebNotas", "WebNotas\WebNotas.csproj", "{E7876CC7-5562-4D23-A5E0-93643C0B508E}"
EndProject
Global
	GlobalSection(SolutionConfigurationPlatforms) = preSolution
		Debug|Any CPU = Debug|Any CPU
		Release|Any CPU = Release|Any CPU
	EndGlobalSection
	GlobalSection(ProjectConfigurationPlatforms) = postSolution
		{E7876CC7-5562-4D23-A5E0-93643C0B508E}.Debug|Any CPU.ActiveCfg = Debug|Any CPU
		{E7876CC7-5562-4D23-A5E0-93643C0B508E}.Debug|Any CPU.Build.0 = Debug|Any CPU
		{E7876CC7-5562-4D23-A5E0-93643C0B508E}.Release|Any CPU.ActiveCfg = Release|Any CPU
		{E7876CC7-5562-4D23-A5E0-93643C0B508E}.Release|Any CPU.Build.0 = Release|Any CPU
	EndGlobalSection
	GlobalSection(SolutionProperties) = preSolution
		HideSolutionNode = FALSE
	EndGlobalSection
	GlobalSection(ExtensibilityGlobals) = postSolution
		SolutionGuid = {0AA76E05-0663-4236-ADA6-4193943AE11C}
	EndGlobalSection
EndGlobal
